
Microsoft Visual Studio Solution File, Format Version 12.00
# Visual Studio Version 16
VisualStudioVersion = 16.0.29009.5
MinimumVisualStudioVersion = 10.0.40219.1
Project("{FAE04EC0-301F-11D3-BF4B-00C04F79EFBC}") = "PleskProblemDemo", "PleskProblemDemo\PleskProblemDemo.csproj", "{1041BA30-9AD5-4DE3-9DDC-53F4196F29E4}"
EndProject
Global
	GlobalSection(SolutionConfigurationPlatforms) = preSolution
		Debug|Any CPU = Debug|Any CPU
		Release|Any CPU = Release|Any CPU
	EndGlobalSection
	GlobalSection(ProjectConfigurationPlatforms) = postSolution
		{1041BA30-9AD5-4DE3-9DDC-53F4196F29E4}.Debug|Any CPU.ActiveCfg = Debug|Any CPU
		{1041BA30-9AD5-4DE3-9DDC-53F4196F29E4}.Debug|Any CPU.Build.0 = Debug|Any CPU
		{1041BA30-9AD5-4DE3-9DDC-53F4196F29E4}.Release|Any CPU.ActiveCfg = Release|Any CPU
		{1041BA30-9AD5-4DE3-9DDC-53F4196F29E4}.Release|Any CPU.Build.0 = Release|Any CPU
	EndGlobalSection
	GlobalSection(SolutionProperties) = preSolution
		HideSolutionNode = FALSE
	EndGlobalSection
	GlobalSection(ExtensibilityGlobals) = postSolution
		SolutionGuid = {9A30E632-38EE-45FF-B296-D31497A54BD8}
	EndGlobalSection
EndGlobal
